lockfileVersion: '9.0'

settings:
  autoInstallPeers: true
  excludeLinksFromLockfile: false

importers:

  .:
    devDependencies:
      '@quake2ts/engine':
        specifier: workspace:^
        version: link:../engine
      '@quake2ts/game':
        specifier: workspace:*
        version: link:../game
      '@quake2ts/server':
        specifier: workspace:*
        version: link:../server
      '@quake2ts/shared':
        specifier: workspace:*
        version: link:../shared

  ../..: {}

  ../../../pages: {}

  ../../build-config: {}

  ../cgame: {}

  ../client: {}

  ../e2e-tests: {}

  ../engine: {}

  ../game: {}

  ../server: {}

  ../shared: {}

  ../tools: {}
