lockfileVersion: '9.0'

settings:
  autoInstallPeers: true
  excludeLinksFromLockfile: false

importers:

  .:
    devDependencies:
      '@quake2ts/engine':
        specifier: workspace:^
        version: link:../engine
      '@quake2ts/game':
        specifier: workspace:*
        version: link:../game
      '@quake2ts/server':
        specifier: workspace:*
        version: link:../server
      '@quake2ts/shared':
        specifier: workspace:*
        version: link:../shared
      '@types/pngjs':
        specifier: ^6.0.5
        version: 6.0.5
      pngjs:
        specifier: ^7.0.0
        version: 7.0.0

  ../..: {}

  ../../../pages: {}

  ../../build-config: {}

  ../cgame: {}

  ../client: {}

  ../e2e-tests: {}

  ../engine: {}

  ../game: {}

  ../server: {}

  ../shared: {}

  ../tools: {}

packages:

  '@types/node@25.0.3':
    resolution: {integrity: sha512-W609buLVRVmeW693xKfzHeIV6nJGGz98uCPfeXI1ELMLXVeKYZ9m15fAMSaUPBHYLGFsVRcMmSCksQOrZV9BYA==}

  '@types/pngjs@6.0.5':
    resolution: {integrity: sha512-0k5eKfrA83JOZPppLtS2C7OUtyNAl2wKNxfyYl9Q5g9lPkgBl/9hNyAu6HuEH2J4XmIv2znEpkDd0SaZVxW6iQ==}

  pngjs@7.0.0:
    resolution: {integrity: sha512-LKWqWJRhstyYo9pGvgor/ivk2w94eSjE3RGVuzLGlr3NmD8bf7RcYGze1mNdEHRP6TRP6rMuDHk5t44hnTRyow==}
    engines: {node: '>=14.19.0'}

  undici-types@7.16.0:
    resolution: {integrity: sha512-Zz+aZWSj8LE6zoxD+xrjh4VfkIG8Ya6LvYkZqtUQGJPZjYl53ypCaUwWqo7eI0x66KBGeRo+mlBEkMSeSZ38Nw==}

snapshots:

  '@types/node@25.0.3':
    dependencies:
      undici-types: 7.16.0

  '@types/pngjs@6.0.5':
    dependencies:
      '@types/node': 25.0.3

  pngjs@7.0.0: {}

  undici-types@7.16.0: {}
